
Microsoft Visual Studio Solution File, Format Version 12.00
# Visual Studio 15
VisualStudioVersion = 15.0.27428.2005
MinimumVisualStudioVersion = 10.0.40219.1
Project("{9A19103F-16F7-4668-BE54-9A1E7A4F7556}") = "RadarrSharp", "RadarrSharp\RadarrSharp.csproj", "{2E77CD19-D09F-4F11-AECF-7DC82D73F680}"
EndProject
Project("{FAE04EC0-301F-11D3-BF4B-00C04F79EFBC}") = "RadarrSharpUnitTest", "RadarrSharpUnitTest\RadarrSharpUnitTest.csproj", "{2A8D97FB-DC24-40EA-B419-8A9E99902561}"
EndProject
Global
	GlobalSection(SolutionConfigurationPlatforms) = preSolution
		Debug|Any CPU = Debug|Any CPU
		Release|Any CPU = Release|Any CPU
	EndGlobalSection
	GlobalSection(ProjectConfigurationPlatforms) = postSolution
		{2E77CD19-D09F-4F11-AECF-7DC82D73F680}.Debug|Any CPU.ActiveCfg = Debug|Any CPU
		{2E77CD19-D09F-4F11-AECF-7DC82D73F680}.Debug|Any CPU.Build.0 = Debug|Any CPU
		{2E77CD19-D09F-4F11-AECF-7DC82D73F680}.Release|Any CPU.ActiveCfg = Release|Any CPU
		{2E77CD19-D09F-4F11-AECF-7DC82D73F680}.Release|Any CPU.Build.0 = Release|Any CPU
		{2A8D97FB-DC24-40EA-B419-8A9E99902561}.Debug|Any CPU.ActiveCfg = Debug|Any CPU
		{2A8D97FB-DC24-40EA-B419-8A9E99902561}.Debug|Any CPU.Build.0 = Debug|Any CPU
		{2A8D97FB-DC24-40EA-B419-8A9E99902561}.Release|Any CPU.ActiveCfg = Release|Any CPU
		{2A8D97FB-DC24-40EA-B419-8A9E99902561}.Release|Any CPU.Build.0 = Release|Any CPU
	EndGlobalSection
	GlobalSection(SolutionProperties) = preSolution
		HideSolutionNode = FALSE
	EndGlobalSection
	GlobalSection(ExtensibilityGlobals) = postSolution
		SolutionGuid = {DA675938-4ADF-46E6-B99F-6E3DB0CD9543}
	EndGlobalSection
EndGlobal
